
Microsoft Visual Studio Solution File, Format Version 11.00
# Visual Studio 2010
Project("{FAE04EC0-301F-11D3-BF4B-00C04F79EFBC}") = "Jeonguk", "Assembly-CSharp.csproj", "{BD177200-A316-079E-1E69-0FB841E058C7}"
EndProject
Project("{FAE04EC0-301F-11D3-BF4B-00C04F79EFBC}") = "Jeonguk", "Assembly-CSharp-Editor.csproj", "{95836D76-39CC-C4F4-2DF2-9B73EE6C9475}"
EndProject
Global
	GlobalSection(SolutionConfigurationPlatforms) = preSolution
		Debug|Any CPU = Debug|Any CPU
		Release|Any CPU = Release|Any CPU
	EndGlobalSection
	GlobalSection(ProjectConfigurationPlatforms) = postSolution
		{BD177200-A316-079E-1E69-0FB841E058C7}.Debug|Any CPU.ActiveCfg = Debug|Any CPU
		{BD177200-A316-079E-1E69-0FB841E058C7}.Debug|Any CPU.Build.0 = Debug|Any CPU
		{BD177200-A316-079E-1E69-0FB841E058C7}.Release|Any CPU.ActiveCfg = Release|Any CPU
		{BD177200-A316-079E-1E69-0FB841E058C7}.Release|Any CPU.Build.0 = Release|Any CPU
		{95836D76-39CC-C4F4-2DF2-9B73EE6C9475}.Debug|Any CPU.ActiveCfg = Debug|Any CPU
		{95836D76-39CC-C4F4-2DF2-9B73EE6C9475}.Debug|Any CPU.Build.0 = Debug|Any CPU
		{95836D76-39CC-C4F4-2DF2-9B73EE6C9475}.Release|Any CPU.ActiveCfg = Release|Any CPU
		{95836D76-39CC-C4F4-2DF2-9B73EE6C9475}.Release|Any CPU.Build.0 = Release|Any CPU
	EndGlobalSection
	GlobalSection(SolutionProperties) = preSolution
		HideSolutionNode = FALSE
	EndGlobalSection
	GlobalSection(MonoDevelopProperties) = preSolution
		StartupItem = Assembly-CSharp.csproj
	EndGlobalSection
EndGlobal
